
Microsoft Visual Studio Solution File, Format Version 12.00
# Visual Studio Version 17
VisualStudioVersion = 17.5.33516.290
MinimumVisualStudioVersion = 10.0.40219.1
Project("{8BC9CEB8-8B4A-11D0-8D11-00A0C91BC942}") = "Test", "Test\Test.vcxproj", "{26DD94C6-1E68-4AA5-9584-0324A31B5095}"
EndProject
Global
	GlobalSection(SolutionConfigurationPlatforms) = preSolution
		Debug|x64 = Debug|x64
		Debug|x86 = Debug|x86
		Release|x64 = Release|x64
		Release|x86 = Release|x86
	EndGlobalSection
	GlobalSection(ProjectConfigurationPlatforms) = postSolution
		{26DD94C6-1E68-4AA5-9584-0324A31B5095}.Debug|x64.ActiveCfg = Debug|x64
		{26DD94C6-1E68-4AA5-9584-0324A31B5095}.Debug|x64.Build.0 = Debug|x64
		{26DD94C6-1E68-4AA5-9584-0324A31B5095}.Debug|x86.ActiveCfg = Debug|Win32
		{26DD94C6-1E68-4AA5-9584-0324A31B5095}.Debug|x86.Build.0 = Debug|Win32
		{26DD94C6-1E68-4AA5-9584-0324A31B5095}.Release|x64.ActiveCfg = Release|x64
		{26DD94C6-1E68-4AA5-9584-0324A31B5095}.Release|x64.Build.0 = Release|x64
		{26DD94C6-1E68-4AA5-9584-0324A31B5095}.Release|x86.ActiveCfg = Release|Win32
		{26DD94C6-1E68-4AA5-9584-0324A31B5095}.Release|x86.Build.0 = Release|Win32
	EndGlobalSection
	GlobalSection(SolutionProperties) = preSolution
		HideSolutionNode = FALSE
	EndGlobalSection
	GlobalSection(ExtensibilityGlobals) = postSolution
		SolutionGuid = {3A2D4AA5-B183-4FFD-A400-9038F5C3C350}
	EndGlobalSection
EndGlobal
